
Microsoft Visual Studio Solution File, Format Version 12.00
# Visual Studio Version 17
VisualStudioVersion = 17.11.35222.181
MinimumVisualStudioVersion = 10.0.40219.1
Project("{FAE04EC0-301F-11D3-BF4B-00C04F79EFBC}") = "EFEntityRelationsApp", "EFEntityRelationsApp\EFEntityRelationsApp.csproj", "{F64F9914-223E-4DCD-9EAD-A5F980DDE83A}"
EndProject
Global
	GlobalSection(SolutionConfigurationPlatforms) = preSolution
		Debug|Any CPU = Debug|Any CPU
		Release|Any CPU = Release|Any CPU
	EndGlobalSection
	GlobalSection(ProjectConfigurationPlatforms) = postSolution
		{F64F9914-223E-4DCD-9EAD-A5F980DDE83A}.Debug|Any CPU.ActiveCfg = Debug|Any CPU
		{F64F9914-223E-4DCD-9EAD-A5F980DDE83A}.Debug|Any CPU.Build.0 = Debug|Any CPU
		{F64F9914-223E-4DCD-9EAD-A5F980DDE83A}.Release|Any CPU.ActiveCfg = Release|Any CPU
		{F64F9914-223E-4DCD-9EAD-A5F980DDE83A}.Release|Any CPU.Build.0 = Release|Any CPU
	EndGlobalSection
	GlobalSection(SolutionProperties) = preSolution
		HideSolutionNode = FALSE
	EndGlobalSection
	GlobalSection(ExtensibilityGlobals) = postSolution
		SolutionGuid = {E290B086-4DF7-429B-BB01-6B891780D623}
	EndGlobalSection
EndGlobal
